// !$*UTF8*$!
{
	archiveVersion = 1;
	classes = {
	};
	objectVersion = 46;
	objects = {

/* Begin PBXBuildFile section */
		EDC268BE15F4113D003A0E65 /* main.c in Sources */ = {isa = PBXBuildFile; fileRef = EDC268BD15F4113D003A0E65 /* main.c */; };
		EDC268C015F4113D003A0E65 /* udp_client.1 in CopyFiles */ = {isa = PBXBuildFile; fileRef = EDC268BF15F4113D003A0E65 /* udp_client.1 */; };
/* End PBXBuildFile section */

/* Begin PBXCopyFilesBuildPhase section */
		EDC268B715F4113D003A0E65 /* CopyFiles */ = {
			isa = PBXCopyFilesBuildPhase;
			buildActionMask = 2147483647;
			dstPath = /usr/share/man/man1/;
			dstSubfolderSpec = 0;
			files = (
				EDC268C015F4113D003A0E65 /* udp_client.1 in CopyFiles */,
			);
			runOnlyForDeploymentPostprocessing = 1;
		};
/* End PBXCopyFilesBuildPhase section */

/* Begin PBXFileReference section */
		EDC268B915F4113D003A0E65 /* udp-client */ = {isa = PBXFileReference; explicitFileType = "compiled.mach-o.executable"; includeInIndex = 0; path = "udp-client"; sourceTree = BUILT_PRODUCTS_DIR; };
		EDC268BD15F4113D003A0E65 /* main.c */ = {isa = PBXFileReference; lastKnownFileType = sourcecode.c.c; path = main.c; sourceTree = "<group>"; };
		EDC268BF15F4113D003A0E65 /* udp_client.1 */ = {isa = PBXFileReference; lastKnownFileType = text.man; path = udp_client.1; sourceTree = "<group>"; };
/* End PBXFileReference section */

/* Begin PBXFrameworksBuildPhase section */
		EDC268B615F4113D003A0E65 /* Frameworks */ = {
			isa = PBXFrameworksBuildPhase;
			buildActionMask = 2147483647;
			files = (
			);
			runOnlyForDeploymentPostprocessing = 0;
		};
/* End PBXFrameworksBuildPhase section */

/* Begin PBXGroup section */
		EDC268AE15F4113C003A0E65 = {
			isa = PBXGroup;
			children = (
				EDC268BC15F4113D003A0E65 /* udp-client */,
				EDC268BA15F4113D003A0E65 /* Products */,
			);
			sourceTree = "<group>";
		};
		EDC268BA15F4113D003A0E65 /* Products */ = {
			isa = PBXGroup;
			children = (
				EDC268B915F4113D003A0E65 /* udp-client */,
			);
			name = Products;
			sourceTree = "<group>";
		};
		EDC268BC15F4113D003A0E65 /* udp-client */ = {
			isa = PBXGroup;
			children = (
				EDC268BD15F4113D003A0E65 /* main.c */,
				EDC268BF15F4113D003A0E65 /* udp_client.1 */,
			);
			path = "udp-client";
			sourceTree = "<group>";
		};
/* End PBXGroup section */

/* Begin PBXNativeTarget section */
		EDC268B815F4113D003A0E65 /* udp-client */ = {
			isa = PBXNativeTarget;
			buildConfigurationList = EDC268C315F4113D003A0E65 /* Build configuration list for PBXNativeTarget "udp-client" */;
			buildPhases = (
				EDC268B515F4113D003A0E65 /* Sources */,
				EDC268B615F4113D003A0E65 /* Frameworks */,
				EDC268B715F4113D003A0E65 /* CopyFiles */,
			);
			buildRules = (
			);
			dependencies = (
			);
			name = "udp-client";
			productName = "udp-client";
			productReference = EDC268B915F4113D003A0E65 /* udp-client */;
			productType = "com.apple.product-type.tool";
		};
/* End PBXNativeTarget section */

/* Begin PBXProject section */
		EDC268B015F4113C003A0E65 /* Project object */ = {
			isa = PBXProject;
			attributes = {
				LastUpgradeCheck = 0420;
				ORGANIZATIONNAME = "University of Maryland";
			};
			buildConfigurationList = EDC268B315F4113C003A0E65 /* Build configuration list for PBXProject "udp-client" */;
			compatibilityVersion = "Xcode 3.2";
			developmentRegion = English;
			hasScannedForEncodings = 0;
			knownRegions = (
				en,
			);
			mainGroup = EDC268AE15F4113C003A0E65;
			productRefGroup = EDC268BA15F4113D003A0E65 /* Products */;
			projectDirPath = "";
			projectRoot = "";
			targets = (
				EDC268B815F4113D003A0E65 /* udp-client */,
			);
		};
/* End PBXProject section */

/* Begin PBXSourcesBuildPhase section */
		EDC268B515F4113D003A0E65 /* Sources */ = {
			isa = PBXSourcesBuildPhase;
			buildActionMask = 2147483647;
			files = (
				EDC268BE15F4113D003A0E65 /* main.c in Sources */,
			);
			runOnlyForDeploymentPostprocessing = 0;
		};
/* End PBXSourcesBuildPhase section */

/* Begin XCBuildConfiguration section */
		EDC268C115F4113D003A0E65 /* Debug */ = {
			isa = XCBuildConfiguration;
			buildSettings = {
				ALWAYS_SEARCH_USER_PATHS = NO;
				ARCHS = "$(ARCHS_STANDARD_64_BIT)";
				CLANG_ENABLE_OBJC_ARC = YES;
				COPY_PHASE_STRIP = NO;
				GCC_C_LANGUAGE_STANDARD = gnu99;
				GCC_DYNAMIC_NO_PIC = NO;
				GCC_ENABLE_OBJC_EXCEPTIONS = YES;
				GCC_OPTIMIZATION_LEVEL = 0;
				GCC_PREPROCESSOR_DEFINITIONS = (
					"DEBUG=1",
					"$(inherited)",
				);
				GCC_SYMBOLS_PRIVATE_EXTERN = NO;
				GCC_VERSION = com.apple.compilers.llvm.clang.1_0;
				GCC_WARN_64_TO_32_BIT_CONVERSION = YES;
				GCC_WARN_ABOUT_MISSING_PROTOTYPES = YES;
				GCC_WARN_ABOUT_RETURN_TYPE = YES;
				GCC_WARN_UNUSED_VARIABLE = YES;
				MACOSX_DEPLOYMENT_TARGET = 10.7;
				ONLY_ACTIVE_ARCH = YES;
				SDKROOT = macosx;
			};
			name = Debug;
		};
		EDC268C215F4113D003A0E65 /* Release */ = {
			isa = XCBuildConfiguration;
			buildSettings = {
				ALWAYS_SEARCH_USER_PATHS = NO;
				ARCHS = "$(ARCHS_STANDARD_64_BIT)";
				CLANG_ENABLE_OBJC_ARC = YES;
				COPY_PHASE_STRIP = YES;
				DEBUG_INFORMATION_FORMAT = "dwarf-with-dsym";
				GCC_C_LANGUAGE_STANDARD = gnu99;
				GCC_ENABLE_OBJC_EXCEPTIONS = YES;
				GCC_VERSION = com.apple.compilers.llvm.clang.1_0;
				GCC_WARN_64_TO_32_BIT_CONVERSION = YES;
				GCC_WARN_ABOUT_MISSING_PROTOTYPES = YES;
				GCC_WARN_ABOUT_RETURN_TYPE = YES;
				GCC_WARN_UNUSED_VARIABLE = YES;
				MACOSX_DEPLOYMENT_TARGET = 10.7;
				SDKROOT = macosx;
			};
			name = Release;
		};
		EDC268C415F4113D003A0E65 /* Debug */ = {
			isa = XCBuildConfiguration;
			buildSettings = {
				PRODUCT_NAME = "$(TARGET_NAME)";
			};
			name = Debug;
		};
		EDC268C515F4113D003A0E65 /* Release */ = {
			isa = XCBuildConfiguration;
			buildSettings = {
				PRODUCT_NAME = "$(TARGET_NAME)";
			};
			name = Release;
		};
/* End XCBuildConfiguration section */

/* Begin XCConfigurationList section */
		EDC268B315F4113C003A0E65 /* Build configuration list for PBXProject "udp-client" */ = {
			isa = XCConfigurationList;
			buildConfigurations = (
				EDC268C115F4113D003A0E65 /* Debug */,
				EDC268C215F4113D003A0E65 /* Release */,
			);
			defaultConfigurationIsVisible = 0;
			defaultConfigurationName = Release;
		};
		EDC268C315F4113D003A0E65 /* Build configuration list for PBXNativeTarget "udp-client" */ = {
			isa = XCConfigurationList;
			buildConfigurations = (
				EDC268C415F4113D003A0E65 /* Debug */,
				EDC268C515F4113D003A0E65 /* Release */,
			);
			defaultConfigurationIsVisible = 0;
		};
/* End XCConfigurationList section */
	};
	rootObject = EDC268B015F4113C003A0E65 /* Project object */;
}
